// !$*UTF8*$!
{
	archiveVersion = 1;
	classes = {
	};
	objectVersion = 46;
	objects = {

/* Begin PBXBuildFile section */
		CE8E9EE11ADBDF9F007FC9CE /* SettingsViewController.swift in Sources */ = {isa = PBXBuildFile; fileRef = CE8E9EE01ADBDF9F007FC9CE /* SettingsViewController.swift */; };
		CEA6745B1AD1731B0077E2AB /* food-grey.png in Resources */ = {isa = PBXBuildFile; fileRef = CEA674591AD1731B0077E2AB /* food-grey.png */; };
		CEA6745C1AD1731B0077E2AB /* wranch-grey.png in Resources */ = {isa = PBXBuildFile; fileRef = CEA6745A1AD1731B0077E2AB /* wranch-grey.png */; };
		CEA6745E1AD176910077E2AB /* restaurant.png in Resources */ = {isa = PBXBuildFile; fileRef = CEA6745D1AD176910077E2AB /* restaurant.png */; };
		CEA674601AD176D30077E2AB /* services.png in Resources */ = {isa = PBXBuildFile; fileRef = CEA6745F1AD176D30077E2AB /* services.png */; };
		CEDD073F1ADB2FB500DB5935 /* DetailViewController.swift in Sources */ = {isa = PBXBuildFile; fileRef = CEDD073E1ADB2FB500DB5935 /* DetailViewController.swift */; };
		CEDF7E411AD06C890006E597 /* AppDelegate.swift in Sources */ = {isa = PBXBuildFile; fileRef = CEDF7E401AD06C890006E597 /* AppDelegate.swift */; };
		CEDF7E431AD06C890006E597 /* FirstViewController.swift in Sources */ = {isa = PBXBuildFile; fileRef = CEDF7E421AD06C890006E597 /* FirstViewController.swift */; };
		CEDF7E451AD06C890006E597 /* SecondViewController.swift in Sources */ = {isa = PBXBuildFile; fileRef = CEDF7E441AD06C890006E597 /* SecondViewController.swift */; };
		CEDF7E481AD06C890006E597 /* Main.storyboard in Resources */ = {isa = PBXBuildFile; fileRef = CEDF7E461AD06C890006E597 /* Main.storyboard */; };
		CEDF7E4A1AD06C890006E597 /* Images.xcassets in Resources */ = {isa = PBXBuildFile; fileRef = CEDF7E491AD06C890006E597 /* Images.xcassets */; };
		CEDF7E4D1AD06C890006E597 /* LaunchScreen.xib in Resources */ = {isa = PBXBuildFile; fileRef = CEDF7E4B1AD06C890006E597 /* LaunchScreen.xib */; };
		CEDF7E591AD06C8A0006E597 /* eindOpdrachtMBD2_hmwegelmTests.swift in Sources */ = {isa = PBXBuildFile; fileRef = CEDF7E581AD06C8A0006E597 /* eindOpdrachtMBD2_hmwegelmTests.swift */; };
		CEDF7E631AD06E450006E597 /* CategoryViewController.swift in Sources */ = {isa = PBXBuildFile; fileRef = CEDF7E621AD06E450006E597 /* CategoryViewController.swift */; };
		CEDF7E691AD06ED50006E597 /* sampleData.swift in Sources */ = {isa = PBXBuildFile; fileRef = CEDF7E681AD06ED50006E597 /* sampleData.swift */; };
		CEDF7E6D1AD074250006E597 /* RestaurantsViewController.swift in Sources */ = {isa = PBXBuildFile; fileRef = CEDF7E6C1AD074250006E597 /* RestaurantsViewController.swift */; };
		CEDF7E6F1AD074820006E597 /* Restaurant.swift in Sources */ = {isa = PBXBuildFile; fileRef = CEDF7E6E1AD074820006E597 /* Restaurant.swift */; };
/* End PBXBuildFile section */

/* Begin PBXContainerItemProxy section */
		CEDF7E531AD06C8A0006E597 /* PBXContainerItemProxy */ = {
			isa = PBXContainerItemProxy;
			containerPortal = CEDF7E331AD06C890006E597 /* Project object */;
			proxyType = 1;
			remoteGlobalIDString = CEDF7E3A1AD06C890006E597;
			remoteInfo = eindOpdrachtMBD2_hmwegelm;
		};
/* End PBXContainerItemProxy section */

/* Begin PBXFileReference section */
		CE8E9EE01ADBDF9F007FC9CE /* SettingsViewController.swift */ = {isa = PBXFileReference; fileEncoding = 4; lastKnownFileType = sourcecode.swift; path = SettingsViewController.swift; sourceTree = "<group>"; };
		CEA674591AD1731B0077E2AB /* food-grey.png */ = {isa = PBXFileReference; lastKnownFileType = image.png; path = "food-grey.png"; sourceTree = "<group>"; };
		CEA6745A1AD1731B0077E2AB /* wranch-grey.png */ = {isa = PBXFileReference; lastKnownFileType = image.png; path = "wranch-grey.png"; sourceTree = "<group>"; };
		CEA6745D1AD176910077E2AB /* restaurant.png */ = {isa = PBXFileReference; lastKnownFileType = image.png; path = restaurant.png; sourceTree = "<group>"; };
		CEA6745F1AD176D30077E2AB /* services.png */ = {isa = PBXFileReference; lastKnownFileType = image.png; path = services.png; sourceTree = "<group>"; };
		CEDD073E1ADB2FB500DB5935 /* DetailViewController.swift */ = {isa = PBXFileReference; fileEncoding = 4; lastKnownFileType = sourcecode.swift; path = DetailViewController.swift; sourceTree = "<group>"; };
		CEDF7E3B1AD06C890006E597 /* eindOpdrachtMBD2_hmwegelm.app */ = {isa = PBXFileReference; explicitFileType = wrapper.application; includeInIndex = 0; path = eindOpdrachtMBD2_hmwegelm.app; sourceTree = BUILT_PRODUCTS_DIR; };
		CEDF7E3F1AD06C890006E597 /* Info.plist */ = {isa = PBXFileReference; lastKnownFileType = text.plist.xml; path = Info.plist; sourceTree = "<group>"; };
		CEDF7E401AD06C890006E597 /* AppDelegate.swift */ = {isa = PBXFileReference; lastKnownFileType = sourcecode.swift; path = AppDelegate.swift; sourceTree = "<group>"; };
		CEDF7E421AD06C890006E597 /* FirstViewController.swift */ = {isa = PBXFileReference; lastKnownFileType = sourcecode.swift; path = FirstViewController.swift; sourceTree = "<group>"; };
		CEDF7E441AD06C890006E597 /* SecondViewController.swift */ = {isa = PBXFileReference; lastKnownFileType = sourcecode.swift; path = SecondViewController.swift; sourceTree = "<group>"; };
		CEDF7E471AD06C890006E597 /* Base */ = {isa = PBXFileReference; lastKnownFileType = file.storyboard; name = Base; path = Base.lproj/Main.storyboard; sourceTree = "<group>"; };
		CEDF7E491AD06C890006E597 /* Images.xcassets */ = {isa = PBXFileReference; lastKnownFileType = folder.assetcatalog; path = Images.xcassets; sourceTree = "<group>"; };
		CEDF7E4C1AD06C890006E597 /* Base */ = {isa = PBXFileReference; lastKnownFileType = file.xib; name = Base; path = Base.lproj/LaunchScreen.xib; sourceTree = "<group>"; };
		CEDF7E521AD06C8A0006E597 /* eindOpdrachtMBD2_hmwegelmTests.xctest */ = {isa = PBXFileReference; explicitFileType = wrapper.cfbundle; includeInIndex = 0; path = eindOpdrachtMBD2_hmwegelmTests.xctest; sourceTree = BUILT_PRODUCTS_DIR; };
		CEDF7E571AD06C8A0006E597 /* Info.plist */ = {isa = PBXFileReference; lastKnownFileType = text.plist.xml; path = Info.plist; sourceTree = "<group>"; };
		CEDF7E581AD06C8A0006E597 /* eindOpdrachtMBD2_hmwegelmTests.swift */ = {isa = PBXFileReference; lastKnownFileType = sourcecode.swift; path = eindOpdrachtMBD2_hmwegelmTests.swift; sourceTree = "<group>"; };
		CEDF7E621AD06E450006E597 /* CategoryViewController.swift */ = {isa = PBXFileReference; fileEncoding = 4; lastKnownFileType = sourcecode.swift; path = CategoryViewController.swift; sourceTree = "<group>"; };
		CEDF7E681AD06ED50006E597 /* sampleData.swift */ = {isa = PBXFileReference; fileEncoding = 4; lastKnownFileType = sourcecode.swift; path = sampleData.swift; sourceTree = "<group>"; };
		CEDF7E6C1AD074250006E597 /* RestaurantsViewController.swift */ = {isa = PBXFileReference; fileEncoding = 4; lastKnownFileType = sourcecode.swift; path = RestaurantsViewController.swift; sourceTree = "<group>"; };
		CEDF7E6E1AD074820006E597 /* Restaurant.swift */ = {isa = PBXFileReference; fileEncoding = 4; lastKnownFileType = sourcecode.swift; path = Restaurant.swift; sourceTree = "<group>"; };
/* End PBXFileReference section */

/* Begin PBXFrameworksBuildPhase section */
		CEDF7E381AD06C890006E597 /* Frameworks */ = {
			isa = PBXFrameworksBuildPhase;
			buildActionMask = 2147483647;
			files = (
			);
			runOnlyForDeploymentPostprocessing = 0;
		};
		CEDF7E4F1AD06C8A0006E597 /* Frameworks */ = {
			isa = PBXFrameworksBuildPhase;
			buildActionMask = 2147483647;
			files = (
			);
			runOnlyForDeploymentPostprocessing = 0;
		};
/* End PBXFrameworksBuildPhase section */

/* Begin PBXGroup section */
		CEA674581AD1731B0077E2AB /* Images */ = {
			isa = PBXGroup;
			children = (
				CEA6745F1AD176D30077E2AB /* services.png */,
				CEA6745D1AD176910077E2AB /* restaurant.png */,
				CEA674591AD1731B0077E2AB /* food-grey.png */,
				CEA6745A1AD1731B0077E2AB /* wranch-grey.png */,
			);
			path = Images;
			sourceTree = "<group>";
		};
		CEDF7E321AD06C890006E597 = {
			isa = PBXGroup;
			children = (
				CEDF7E3D1AD06C890006E597 /* eindOpdrachtMBD2_hmwegelm */,
				CEDF7E551AD06C8A0006E597 /* eindOpdrachtMBD2_hmwegelmTests */,
				CEDF7E3C1AD06C890006E597 /* Products */,
			);
			sourceTree = "<group>";
		};
		CEDF7E3C1AD06C890006E597 /* Products */ = {
			isa = PBXGroup;
			children = (
				CEDF7E3B1AD06C890006E597 /* eindOpdrachtMBD2_hmwegelm.app */,
				CEDF7E521AD06C8A0006E597 /* eindOpdrachtMBD2_hmwegelmTests.xctest */,
			);
			name = Products;
			sourceTree = "<group>";
		};
		CEDF7E3D1AD06C890006E597 /* eindOpdrachtMBD2_hmwegelm */ = {
			isa = PBXGroup;
			children = (
				CEA674581AD1731B0077E2AB /* Images */,
				CEDF7E461AD06C890006E597 /* Main.storyboard */,
				CEDF7E491AD06C890006E597 /* Images.xcassets */,
				CEDF7E3E1AD06C890006E597 /* Supporting Files */,
				CEDF7E621AD06E450006E597 /* CategoryViewController.swift */,
				CEDF7E681AD06ED50006E597 /* sampleData.swift */,
				CEDF7E6C1AD074250006E597 /* RestaurantsViewController.swift */,
				CEDF7E6E1AD074820006E597 /* Restaurant.swift */,
				CEDD073E1ADB2FB500DB5935 /* DetailViewController.swift */,
				CE8E9EE01ADBDF9F007FC9CE /* SettingsViewController.swift */,
			);
			path = eindOpdrachtMBD2_hmwegelm;
			sourceTree = "<group>";
		};
		CEDF7E3E1AD06C890006E597 /* Supporting Files */ = {
			isa = PBXGroup;
			children = (
				CEDF7E4B1AD06C890006E597 /* LaunchScreen.xib */,
				CEDF7E401AD06C890006E597 /* AppDelegate.swift */,
				CEDF7E441AD06C890006E597 /* SecondViewController.swift */,
				CEDF7E421AD06C890006E597 /* FirstViewController.swift */,
				CEDF7E3F1AD06C890006E597 /* Info.plist */,
			);
			name = "Supporting Files";
			sourceTree = "<group>";
		};
		CEDF7E551AD06C8A0006E597 /* eindOpdrachtMBD2_hmwegelmTests */ = {
			isa = PBXGroup;
			children = (
				CEDF7E581AD06C8A0006E597 /* eindOpdrachtMBD2_hmwegelmTests.swift */,
				CEDF7E561AD06C8A0006E597 /* Supporting Files */,
			);
			path = eindOpdrachtMBD2_hmwegelmTests;
			sourceTree = "<group>";
		};
		CEDF7E561AD06C8A0006E597 /* Supporting Files */ = {
			isa = PBXGroup;
			children = (
				CEDF7E571AD06C8A0006E597 /* Info.plist */,
			);
			name = "Supporting Files";
			sourceTree = "<group>";
		};
/* End PBXGroup section */

/* Begin PBXNativeTarget section */
		CEDF7E3A1AD06C890006E597 /* eindOpdrachtMBD2_hmwegelm */ = {
			isa = PBXNativeTarget;
			buildConfigurationList = CEDF7E5C1AD06C8A0006E597 /* Build configuration list for PBXNativeTarget "eindOpdrachtMBD2_hmwegelm" */;
			buildPhases = (
				CEDF7E371AD06C890006E597 /* Sources */,
				CEDF7E381AD06C890006E597 /* Frameworks */,
				CEDF7E391AD06C890006E597 /* Resources */,
			);
			buildRules = (
			);
			dependencies = (
			);
			name = eindOpdrachtMBD2_hmwegelm;
			productName = eindOpdrachtMBD2_hmwegelm;
			productReference = CEDF7E3B1AD06C890006E597 /* eindOpdrachtMBD2_hmwegelm.app */;
			productType = "com.apple.product-type.application";
		};
		CEDF7E511AD06C8A0006E597 /* eindOpdrachtMBD2_hmwegelmTests */ = {
			isa = PBXNativeTarget;
			buildConfigurationList = CEDF7E5F1AD06C8A0006E597 /* Build configuration list for PBXNativeTarget "eindOpdrachtMBD2_hmwegelmTests" */;
			buildPhases = (
				CEDF7E4E1AD06C8A0006E597 /* Sources */,
				CEDF7E4F1AD06C8A0006E597 /* Frameworks */,
				CEDF7E501AD06C8A0006E597 /* Resources */,
			);
			buildRules = (
			);
			dependencies = (
				CEDF7E541AD06C8A0006E597 /* PBXTargetDependency */,
			);
			name = eindOpdrachtMBD2_hmwegelmTests;
			productName = eindOpdrachtMBD2_hmwegelmTests;
			productReference = CEDF7E521AD06C8A0006E597 /* eindOpdrachtMBD2_hmwegelmTests.xctest */;
			productType = "com.apple.product-type.bundle.unit-test";
		};
/* End PBXNativeTarget section */

/* Begin PBXProject section */
		CEDF7E331AD06C890006E597 /* Project object */ = {
			isa = PBXProject;
			attributes = {
				LastUpgradeCheck = 0610;
				ORGANIZATIONNAME = hmwegelm2060058;
				TargetAttributes = {
					CEDF7E3A1AD06C890006E597 = {
						CreatedOnToolsVersion = 6.1.1;
					};
					CEDF7E511AD06C8A0006E597 = {
						CreatedOnToolsVersion = 6.1.1;
						TestTargetID = CEDF7E3A1AD06C890006E597;
					};
				};
			};
			buildConfigurationList = CEDF7E361AD06C890006E597 /* Build configuration list for PBXProject "eindOpdrachtMBD2_hmwegelm" */;
			compatibilityVersion = "Xcode 3.2";
			developmentRegion = English;
			hasScannedForEncodings = 0;
			knownRegions = (
				en,
				Base,
			);
			mainGroup = CEDF7E321AD06C890006E597;
			productRefGroup = CEDF7E3C1AD06C890006E597 /* Products */;
			projectDirPath = "";
			projectRoot = "";
			targets = (
				CEDF7E3A1AD06C890006E597 /* eindOpdrachtMBD2_hmwegelm */,
				CEDF7E511AD06C8A0006E597 /* eindOpdrachtMBD2_hmwegelmTests */,
			);
		};
/* End PBXProject section */

/* Begin PBXResourcesBuildPhase section */
		CEDF7E391AD06C890006E597 /* Resources */ = {
			isa = PBXResourcesBuildPhase;
			buildActionMask = 2147483647;
			files = (
				CEA6745C1AD1731B0077E2AB /* wranch-grey.png in Resources */,
				CEA6745B1AD1731B0077E2AB /* food-grey.png in Resources */,
				CEDF7E481AD06C890006E597 /* Main.storyboard in Resources */,
				CEDF7E4D1AD06C890006E597 /* LaunchScreen.xib in Resources */,
				CEA6745E1AD176910077E2AB /* restaurant.png in Resources */,
				CEDF7E4A1AD06C890006E597 /* Images.xcassets in Resources */,
				CEA674601AD176D30077E2AB /* services.png in Resources */,
			);
			runOnlyForDeploymentPostprocessing = 0;
		};
		CEDF7E501AD06C8A0006E597 /* Resources */ = {
			isa = PBXResourcesBuildPhase;
			buildActionMask = 2147483647;
			files = (
			);
			runOnlyForDeploymentPostprocessing = 0;
		};
/* End PBXResourcesBuildPhase section */

/* Begin PBXSourcesBuildPhase section */
		CEDF7E371AD06C890006E597 /* Sources */ = {
			isa = PBXSourcesBuildPhase;
			buildActionMask = 2147483647;
			files = (
				CEDD073F1ADB2FB500DB5935 /* DetailViewController.swift in Sources */,
				CEDF7E6D1AD074250006E597 /* RestaurantsViewController.swift in Sources */,
				CEDF7E631AD06E450006E597 /* CategoryViewController.swift in Sources */,
				CEDF7E451AD06C890006E597 /* SecondViewController.swift in Sources */,
				CEDF7E6F1AD074820006E597 /* Restaurant.swift in Sources */,
				CEDF7E691AD06ED50006E597 /* sampleData.swift in Sources */,
				CEDF7E411AD06C890006E597 /* AppDelegate.swift in Sources */,
				CEDF7E431AD06C890006E597 /* FirstViewController.swift in Sources */,
				CE8E9EE11ADBDF9F007FC9CE /* SettingsViewController.swift in Sources */,
			);
			runOnlyForDeploymentPostprocessing = 0;
		};
		CEDF7E4E1AD06C8A0006E597 /* Sources */ = {
			isa = PBXSourcesBuildPhase;
			buildActionMask = 2147483647;
			files = (
				CEDF7E591AD06C8A0006E597 /* eindOpdrachtMBD2_hmwegelmTests.swift in Sources */,
			);
			runOnlyForDeploymentPostprocessing = 0;
		};
/* End PBXSourcesBuildPhase section */

/* Begin PBXTargetDependency section */
		CEDF7E541AD06C8A0006E597 /* PBXTargetDependency */ = {
			isa = PBXTargetDependency;
			target = CEDF7E3A1AD06C890006E597 /* eindOpdrachtMBD2_hmwegelm */;
			targetProxy = CEDF7E531AD06C8A0006E597 /* PBXContainerItemProxy */;
		};
/* End PBXTargetDependency section */

/* Begin PBXVariantGroup section */
		CEDF7E461AD06C890006E597 /* Main.storyboard */ = {
			isa = PBXVariantGroup;
			children = (
				CEDF7E471AD06C890006E597 /* Base */,
			);
			name = Main.storyboard;
			sourceTree = "<group>";
		};
		CEDF7E4B1AD06C890006E597 /* LaunchScreen.xib */ = {
			isa = PBXVariantGroup;
			children = (
				CEDF7E4C1AD06C890006E597 /* Base */,
			);
			name = LaunchScreen.xib;
			sourceTree = "<group>";
		};
/* End PBXVariantGroup section */

/* Begin XCBuildConfiguration section */
		CEDF7E5A1AD06C8A0006E597 /* Debug */ = {
			isa = XCBuildConfiguration;
			buildSettings = {
				ALWAYS_SEARCH_USER_PATHS = NO;
				CLANG_CXX_LANGUAGE_STANDARD = "gnu++0x";
				CLANG_CXX_LIBRARY = "libc++";
				CLANG_ENABLE_MODULES = YES;
				CLANG_ENABLE_OBJC_ARC = YES;
				CLANG_WARN_BOOL_CONVERSION = YES;
				CLANG_WARN_CONSTANT_CONVERSION = YES;
				CLANG_WARN_DIRECT_OBJC_ISA_USAGE = YES_ERROR;
				CLANG_WARN_EMPTY_BODY = YES;
				CLANG_WARN_ENUM_CONVERSION = YES;
				CLANG_WARN_INT_CONVERSION = YES;
				CLANG_WARN_OBJC_ROOT_CLASS = YES_ERROR;
				CLANG_WARN_UNREACHABLE_CODE = YES;
				CLANG_WARN__DUPLICATE_METHOD_MATCH = YES;
				"CODE_SIGN_IDENTITY[sdk=iphoneos*]" = "iPhone Developer";
				COPY_PHASE_STRIP = NO;
				ENABLE_STRICT_OBJC_MSGSEND = YES;
				GCC_C_LANGUAGE_STANDARD = gnu99;
				GCC_DYNAMIC_NO_PIC = NO;
				GCC_OPTIMIZATION_LEVEL = 0;
				GCC_PREPROCESSOR_DEFINITIONS = (
					"DEBUG=1",
					"$(inherited)",
				);
				GCC_SYMBOLS_PRIVATE_EXTERN = NO;
				GCC_WARN_64_TO_32_BIT_CONVERSION = YES;
				GCC_WARN_ABOUT_RETURN_TYPE = YES_ERROR;
				GCC_WARN_UNDECLARED_SELECTOR = YES;
				GCC_WARN_UNINITIALIZED_AUTOS = YES_AGGRESSIVE;
				GCC_WARN_UNUSED_FUNCTION = YES;
				GCC_WARN_UNUSED_VARIABLE = YES;
				IPHONEOS_DEPLOYMENT_TARGET = 8.1;
				MTL_ENABLE_DEBUG_INFO = YES;
				ONLY_ACTIVE_ARCH = YES;
				SDKROOT = iphoneos;
				SWIFT_OPTIMIZATION_LEVEL = "-Onone";
				TARGETED_DEVICE_FAMILY = "1,2";
			};
			name = Debug;
		};
		CEDF7E5B1AD06C8A0006E597 /* Release */ = {
			isa = XCBuildConfiguration;
			buildSettings = {
				ALWAYS_SEARCH_USER_PATHS = NO;
				CLANG_CXX_LANGUAGE_STANDARD = "gnu++0x";
				CLANG_CXX_LIBRARY = "libc++";
				CLANG_ENABLE_MODULES = YES;
				CLANG_ENABLE_OBJC_ARC = YES;
				CLANG_WARN_BOOL_CONVERSION = YES;
				CLANG_WARN_CONSTANT_CONVERSION = YES;
				CLANG_WARN_DIRECT_OBJC_ISA_USAGE = YES_ERROR;
				CLANG_WARN_EMPTY_BODY = YES;
				CLANG_WARN_ENUM_CONVERSION = YES;
				CLANG_WARN_INT_CONVERSION = YES;
				CLANG_WARN_OBJC_ROOT_CLASS = YES_ERROR;
				CLANG_WARN_UNREACHABLE_CODE = YES;
				CLANG_WARN__DUPLICATE_METHOD_MATCH = YES;
				"CODE_SIGN_IDENTITY[sdk=iphoneos*]" = "iPhone Developer";
				COPY_PHASE_STRIP = YES;
				ENABLE_NS_ASSERTIONS = NO;
				ENABLE_STRICT_OBJC_MSGSEND = YES;
				GCC_C_LANGUAGE_STANDARD = gnu99;
				GCC_WARN_64_TO_32_BIT_CONVERSION = YES;
				GCC_WARN_ABOUT_RETURN_TYPE = YES_ERROR;
				GCC_WARN_UNDECLARED_SELECTOR = YES;
				GCC_WARN_UNINITIALIZED_AUTOS = YES_AGGRESSIVE;
				GCC_WARN_UNUSED_FUNCTION = YES;
				GCC_WARN_UNUSED_VARIABLE = YES;
				IPHONEOS_DEPLOYMENT_TARGET = 8.1;
				MTL_ENABLE_DEBUG_INFO = NO;
				SDKROOT = iphoneos;
				TARGETED_DEVICE_FAMILY = "1,2";
				VALIDATE_PRODUCT = YES;
			};
			name = Release;
		};
		CEDF7E5D1AD06C8A0006E597 /* Debug */ = {
			isa = XCBuildConfiguration;
			buildSettings = {
				ASSETCATALOG_COMPILER_APPICON_NAME = AppIcon;
				INFOPLIST_FILE = eindOpdrachtMBD2_hmwegelm/Info.plist;
				LD_RUNPATH_SEARCH_PATHS = "$(inherited) @executable_path/Frameworks";
				PRODUCT_NAME = "$(TARGET_NAME)";
			};
			name = Debug;
		};
		CEDF7E5E1AD06C8A0006E597 /* Release */ = {
			isa = XCBuildConfiguration;
			buildSettings = {
				ASSETCATALOG_COMPILER_APPICON_NAME = AppIcon;
				INFOPLIST_FILE = eindOpdrachtMBD2_hmwegelm/Info.plist;
				LD_RUNPATH_SEARCH_PATHS = "$(inherited) @executable_path/Frameworks";
				PRODUCT_NAME = "$(TARGET_NAME)";
			};
			name = Release;
		};
		CEDF7E601AD06C8A0006E597 /* Debug */ = {
			isa = XCBuildConfiguration;
			buildSettings = {
				BUNDLE_LOADER = "$(TEST_HOST)";
				FRAMEWORK_SEARCH_PATHS = (
					"$(SDKROOT)/Developer/Library/Frameworks",
					"$(inherited)",
				);
				GCC_PREPROCESSOR_DEFINITIONS = (
					"DEBUG=1",
					"$(inherited)",
				);
				INFOPLIST_FILE = eindOpdrachtMBD2_hmwegelmTests/Info.plist;
				LD_RUNPATH_SEARCH_PATHS = "$(inherited) @executable_path/Frameworks @loader_path/Frameworks";
				PRODUCT_NAME = "$(TARGET_NAME)";
				TEST_HOST = "$(BUILT_PRODUCTS_DIR)/eindOpdrachtMBD2_hmwegelm.app/eindOpdrachtMBD2_hmwegelm";
			};
			name = Debug;
		};
		CEDF7E611AD06C8A0006E597 /* Release */ = {
			isa = XCBuildConfiguration;
			buildSettings = {
				BUNDLE_LOADER = "$(TEST_HOST)";
				FRAMEWORK_SEARCH_PATHS = (
					"$(SDKROOT)/Developer/Library/Frameworks",
					"$(inherited)",
				);
				INFOPLIST_FILE = eindOpdrachtMBD2_hmwegelmTests/Info.plist;
				LD_RUNPATH_SEARCH_PATHS = "$(inherited) @executable_path/Frameworks @loader_path/Frameworks";
				PRODUCT_NAME = "$(TARGET_NAME)";
				TEST_HOST = "$(BUILT_PRODUCTS_DIR)/eindOpdrachtMBD2_hmwegelm.app/eindOpdrachtMBD2_hmwegelm";
			};
			name = Release;
		};
/* End XCBuildConfiguration section */

/* Begin XCConfigurationList section */
		CEDF7E361AD06C890006E597 /* Build configuration list for PBXProject "eindOpdrachtMBD2_hmwegelm" */ = {
			isa = XCConfigurationList;
			buildConfigurations = (
				CEDF7E5A1AD06C8A0006E597 /* Debug */,
				CEDF7E5B1AD06C8A0006E597 /* Release */,
			);
			defaultConfigurationIsVisible = 0;
			defaultConfigurationName = Release;
		};
		CEDF7E5C1AD06C8A0006E597 /* Build configuration list for PBXNativeTarget "eindOpdrachtMBD2_hmwegelm" */ = {
			isa = XCConfigurationList;
			buildConfigurations = (
				CEDF7E5D1AD06C8A0006E597 /* Debug */,
				CEDF7E5E1AD06C8A0006E597 /* Release */,
			);
			defaultConfigurationIsVisible = 0;
			defaultConfigurationName = Release;
		};
		CEDF7E5F1AD06C8A0006E597 /* Build configuration list for PBXNativeTarget "eindOpdrachtMBD2_hmwegelmTests" */ = {
			isa = XCConfigurationList;
			buildConfigurations = (
				CEDF7E601AD06C8A0006E597 /* Debug */,
				CEDF7E611AD06C8A0006E597 /* Release */,
			);
			defaultConfigurationIsVisible = 0;
			defaultConfigurationName = Release;
		};
/* End XCConfigurationList section */
	};
	rootObject = CEDF7E331AD06C890006E597 /* Project object */;
}
